
Microsoft Visual Studio Solution File, Format Version 12.00
# Visual Studio 14
VisualStudioVersion = 14.0.25123.0
MinimumVisualStudioVersion = 10.0.40219.1
Project("{FAE04EC0-301F-11D3-BF4B-00C04F79EFBC}") = "DDDAEx", "DDDAEx\DDDAEx.csproj", "{DF28C487-2D35-42B5-8AD5-FD2423E5A459}"
	ProjectSection(ProjectDependencies) = postProject
		{3B875B04-C8E6-48F7-BD0D-51ED4CF3F95C} = {3B875B04-C8E6-48F7-BD0D-51ED4CF3F95C}
		{836848A7-3313-4487-A8AF-38ECCF417D8C} = {836848A7-3313-4487-A8AF-38ECCF417D8C}
	EndProjectSection
EndProject
Project("{8BC9CEB8-8B4A-11D0-8D11-00A0C91BC942}") = "DDDAExHoster", "DDDAExHoster\DDDAExHoster.vcxproj", "{3B875B04-C8E6-48F7-BD0D-51ED4CF3F95C}"
EndProject
Project("{8BC9CEB8-8B4A-11D0-8D11-00A0C91BC942}") = "SharpUnmanaged", "SharpUnmanaged\ManagedWin.vcxproj", "{836848A7-3313-4487-A8AF-38ECCF417D8C}"
EndProject
Project("{FAE04EC0-301F-11D3-BF4B-00C04F79EFBC}") = "DDDAEx.Tests", "DDDAEx.Tests\DDDAEx.Tests.csproj", "{C113017E-C2AD-415C-837E-AD34CF170469}"
EndProject
Global
	GlobalSection(SolutionConfigurationPlatforms) = preSolution
		Debug|Any CPU = Debug|Any CPU
		Debug|x64 = Debug|x64
		Debug|x86 = Debug|x86
		Release|Any CPU = Release|Any CPU
		Release|x64 = Release|x64
		Release|x86 = Release|x86
	EndGlobalSection
	GlobalSection(ProjectConfigurationPlatforms) = postSolution
		{DF28C487-2D35-42B5-8AD5-FD2423E5A459}.Debug|Any CPU.ActiveCfg = Debug|Any CPU
		{DF28C487-2D35-42B5-8AD5-FD2423E5A459}.Debug|Any CPU.Build.0 = Debug|Any CPU
		{DF28C487-2D35-42B5-8AD5-FD2423E5A459}.Debug|x64.ActiveCfg = Debug|Any CPU
		{DF28C487-2D35-42B5-8AD5-FD2423E5A459}.Debug|x64.Build.0 = Debug|Any CPU
		{DF28C487-2D35-42B5-8AD5-FD2423E5A459}.Debug|x86.ActiveCfg = Debug|Any CPU
		{DF28C487-2D35-42B5-8AD5-FD2423E5A459}.Debug|x86.Build.0 = Debug|Any CPU
		{DF28C487-2D35-42B5-8AD5-FD2423E5A459}.Release|Any CPU.ActiveCfg = Release|Any CPU
		{DF28C487-2D35-42B5-8AD5-FD2423E5A459}.Release|Any CPU.Build.0 = Release|Any CPU
		{DF28C487-2D35-42B5-8AD5-FD2423E5A459}.Release|x64.ActiveCfg = Release|Any CPU
		{DF28C487-2D35-42B5-8AD5-FD2423E5A459}.Release|x64.Build.0 = Release|Any CPU
		{DF28C487-2D35-42B5-8AD5-FD2423E5A459}.Release|x86.ActiveCfg = Release|Any CPU
		{DF28C487-2D35-42B5-8AD5-FD2423E5A459}.Release|x86.Build.0 = Release|Any CPU
		{3B875B04-C8E6-48F7-BD0D-51ED4CF3F95C}.Debug|Any CPU.ActiveCfg = Debug|Win32
		{3B875B04-C8E6-48F7-BD0D-51ED4CF3F95C}.Debug|Any CPU.Build.0 = Debug|Win32
		{3B875B04-C8E6-48F7-BD0D-51ED4CF3F95C}.Debug|x64.ActiveCfg = Debug|x64
		{3B875B04-C8E6-48F7-BD0D-51ED4CF3F95C}.Debug|x64.Build.0 = Debug|x64
		{3B875B04-C8E6-48F7-BD0D-51ED4CF3F95C}.Debug|x86.ActiveCfg = Debug|Win32
		{3B875B04-C8E6-48F7-BD0D-51ED4CF3F95C}.Debug|x86.Build.0 = Debug|Win32
		{3B875B04-C8E6-48F7-BD0D-51ED4CF3F95C}.Release|Any CPU.ActiveCfg = Release|Win32
		{3B875B04-C8E6-48F7-BD0D-51ED4CF3F95C}.Release|x64.ActiveCfg = Release|x64
		{3B875B04-C8E6-48F7-BD0D-51ED4CF3F95C}.Release|x64.Build.0 = Release|x64
		{3B875B04-C8E6-48F7-BD0D-51ED4CF3F95C}.Release|x86.ActiveCfg = Release|Win32
		{3B875B04-C8E6-48F7-BD0D-51ED4CF3F95C}.Release|x86.Build.0 = Release|Win32
		{836848A7-3313-4487-A8AF-38ECCF417D8C}.Debug|Any CPU.ActiveCfg = Debug|Win32
		{836848A7-3313-4487-A8AF-38ECCF417D8C}.Debug|Any CPU.Build.0 = Debug|Win32
		{836848A7-3313-4487-A8AF-38ECCF417D8C}.Debug|x64.ActiveCfg = Debug|x64
		{836848A7-3313-4487-A8AF-38ECCF417D8C}.Debug|x64.Build.0 = Debug|x64
		{836848A7-3313-4487-A8AF-38ECCF417D8C}.Debug|x86.ActiveCfg = Debug|Win32
		{836848A7-3313-4487-A8AF-38ECCF417D8C}.Debug|x86.Build.0 = Debug|Win32
		{836848A7-3313-4487-A8AF-38ECCF417D8C}.Release|Any CPU.ActiveCfg = Release|Win32
		{836848A7-3313-4487-A8AF-38ECCF417D8C}.Release|x64.ActiveCfg = Release|x64
		{836848A7-3313-4487-A8AF-38ECCF417D8C}.Release|x64.Build.0 = Release|x64
		{836848A7-3313-4487-A8AF-38ECCF417D8C}.Release|x86.ActiveCfg = Release|Win32
		{836848A7-3313-4487-A8AF-38ECCF417D8C}.Release|x86.Build.0 = Release|Win32
		{C113017E-C2AD-415C-837E-AD34CF170469}.Debug|Any CPU.ActiveCfg = Debug|Any CPU
		{C113017E-C2AD-415C-837E-AD34CF170469}.Debug|Any CPU.Build.0 = Debug|Any CPU
		{C113017E-C2AD-415C-837E-AD34CF170469}.Debug|x64.ActiveCfg = Debug|Any CPU
		{C113017E-C2AD-415C-837E-AD34CF170469}.Debug|x64.Build.0 = Debug|Any CPU
		{C113017E-C2AD-415C-837E-AD34CF170469}.Debug|x86.ActiveCfg = Debug|Any CPU
		{C113017E-C2AD-415C-837E-AD34CF170469}.Debug|x86.Build.0 = Debug|Any CPU
		{C113017E-C2AD-415C-837E-AD34CF170469}.Release|Any CPU.ActiveCfg = Release|Any CPU
		{C113017E-C2AD-415C-837E-AD34CF170469}.Release|Any CPU.Build.0 = Release|Any CPU
		{C113017E-C2AD-415C-837E-AD34CF170469}.Release|x64.ActiveCfg = Release|Any CPU
		{C113017E-C2AD-415C-837E-AD34CF170469}.Release|x64.Build.0 = Release|Any CPU
		{C113017E-C2AD-415C-837E-AD34CF170469}.Release|x86.ActiveCfg = Release|Any CPU
		{C113017E-C2AD-415C-837E-AD34CF170469}.Release|x86.Build.0 = Release|Any CPU
	EndGlobalSection
	GlobalSection(SolutionProperties) = preSolution
		HideSolutionNode = FALSE
	EndGlobalSection
EndGlobal
